// !$*UTF8*$!
{
	archiveVersion = 1;
	classes = {
	};
	objectVersion = 56;
	objects = {

/* Begin PBXBuildFile section */
		323B97662B072455000B1B78 /* ToDoListViewItem.swift in Sources */ = {isa = PBXBuildFile; fileRef = 323B97652B072455000B1B78 /* ToDoListViewItem.swift */; };
		323B97682B07256E000B1B78 /* CheckList.swift in Sources */ = {isa = PBXBuildFile; fileRef = 323B97672B07256E000B1B78 /* CheckList.swift */; };
		32D4DC572AFDEDD800304331 /* CalendarView.swift in Sources */ = {isa = PBXBuildFile; fileRef = 32D4DC562AFDEDD800304331 /* CalendarView.swift */; };
		32D4DC592AFDEDEA00304331 /* TodoListView.swift in Sources */ = {isa = PBXBuildFile; fileRef = 32D4DC582AFDEDEA00304331 /* TodoListView.swift */; };
		32D4DC5B2AFDF66200304331 /* SplashView.swift in Sources */ = {isa = PBXBuildFile; fileRef = 32D4DC5A2AFDF66200304331 /* SplashView.swift */; };
		32D4DC672AFDF7C900304331 /* Pretendard-ExtraLight.otf in Resources */ = {isa = PBXBuildFile; fileRef = 32D4DC5E2AFDF7C800304331 /* Pretendard-ExtraLight.otf */; };
		32D4DC682AFDF7C900304331 /* Pretendard-ExtraLight.otf in Resources */ = {isa = PBXBuildFile; fileRef = 32D4DC5E2AFDF7C800304331 /* Pretendard-ExtraLight.otf */; };
		32D4DC692AFDF7C900304331 /* Pretendard-Bold.otf in Resources */ = {isa = PBXBuildFile; fileRef = 32D4DC5F2AFDF7C800304331 /* Pretendard-Bold.otf */; };
		32D4DC6A2AFDF7C900304331 /* Pretendard-Bold.otf in Resources */ = {isa = PBXBuildFile; fileRef = 32D4DC5F2AFDF7C800304331 /* Pretendard-Bold.otf */; };
		32D4DC6B2AFDF7C900304331 /* Pretendard-Thin.otf in Resources */ = {isa = PBXBuildFile; fileRef = 32D4DC602AFDF7C800304331 /* Pretendard-Thin.otf */; };
		32D4DC6C2AFDF7C900304331 /* Pretendard-Thin.otf in Resources */ = {isa = PBXBuildFile; fileRef = 32D4DC602AFDF7C800304331 /* Pretendard-Thin.otf */; };
		32D4DC6D2AFDF7C900304331 /* Pretendard-ExtraBold.otf in Resources */ = {isa = PBXBuildFile; fileRef = 32D4DC612AFDF7C800304331 /* Pretendard-ExtraBold.otf */; };
		32D4DC6E2AFDF7C900304331 /* Pretendard-ExtraBold.otf in Resources */ = {isa = PBXBuildFile; fileRef = 32D4DC612AFDF7C800304331 /* Pretendard-ExtraBold.otf */; };
		32D4DC6F2AFDF7C900304331 /* Pretendard-Black.otf in Resources */ = {isa = PBXBuildFile; fileRef = 32D4DC622AFDF7C800304331 /* Pretendard-Black.otf */; };
		32D4DC702AFDF7C900304331 /* Pretendard-Black.otf in Resources */ = {isa = PBXBuildFile; fileRef = 32D4DC622AFDF7C800304331 /* Pretendard-Black.otf */; };
		32D4DC712AFDF7C900304331 /* Pretendard-SemiBold.otf in Resources */ = {isa = PBXBuildFile; fileRef = 32D4DC632AFDF7C900304331 /* Pretendard-SemiBold.otf */; };
		32D4DC722AFDF7C900304331 /* Pretendard-SemiBold.otf in Resources */ = {isa = PBXBuildFile; fileRef = 32D4DC632AFDF7C900304331 /* Pretendard-SemiBold.otf */; };
		32D4DC732AFDF7C900304331 /* Pretendard-Light.otf in Resources */ = {isa = PBXBuildFile; fileRef = 32D4DC642AFDF7C900304331 /* Pretendard-Light.otf */; };
		32D4DC742AFDF7C900304331 /* Pretendard-Light.otf in Resources */ = {isa = PBXBuildFile; fileRef = 32D4DC642AFDF7C900304331 /* Pretendard-Light.otf */; };
		32D4DC752AFDF7C900304331 /* Pretendard-Medium.otf in Resources */ = {isa = PBXBuildFile; fileRef = 32D4DC652AFDF7C900304331 /* Pretendard-Medium.otf */; };
		32D4DC762AFDF7C900304331 /* Pretendard-Medium.otf in Resources */ = {isa = PBXBuildFile; fileRef = 32D4DC652AFDF7C900304331 /* Pretendard-Medium.otf */; };
		32D4DC772AFDF7C900304331 /* Pretendard-Regular.otf in Resources */ = {isa = PBXBuildFile; fileRef = 32D4DC662AFDF7C900304331 /* Pretendard-Regular.otf */; };
		32D4DC782AFDF7C900304331 /* Pretendard-Regular.otf in Resources */ = {isa = PBXBuildFile; fileRef = 32D4DC662AFDF7C900304331 /* Pretendard-Regular.otf */; };
		32D4DC7A2AFDF7E600304331 /* FontManager.swift in Sources */ = {isa = PBXBuildFile; fileRef = 32D4DC792AFDF7E600304331 /* FontManager.swift */; };
		32D4DC7B2AFDF7E600304331 /* FontManager.swift in Sources */ = {isa = PBXBuildFile; fileRef = 32D4DC792AFDF7E600304331 /* FontManager.swift */; };
		32D4DC7C2AFDF9E500304331 /* Pretendard-Black.otf in Resources */ = {isa = PBXBuildFile; fileRef = 32D4DC622AFDF7C800304331 /* Pretendard-Black.otf */; };
		32D4DC7D2AFDF9E600304331 /* Pretendard-Black.otf in Resources */ = {isa = PBXBuildFile; fileRef = 32D4DC622AFDF7C800304331 /* Pretendard-Black.otf */; };
		32D4DC7E2AFDF9EB00304331 /* Pretendard-Bold.otf in Resources */ = {isa = PBXBuildFile; fileRef = 32D4DC5F2AFDF7C800304331 /* Pretendard-Bold.otf */; };
		32D4DC7F2AFDF9EB00304331 /* Pretendard-Bold.otf in Resources */ = {isa = PBXBuildFile; fileRef = 32D4DC5F2AFDF7C800304331 /* Pretendard-Bold.otf */; };
		D283E6062AFDD295008889EA /* Note_ingApp.swift in Sources */ = {isa = PBXBuildFile; fileRef = D283E6052AFDD295008889EA /* Note_ingApp.swift */; };
		D283E6082AFDD295008889EA /* MainView.swift in Sources */ = {isa = PBXBuildFile; fileRef = D283E6072AFDD295008889EA /* MainView.swift */; };
		D283E60A2AFDD296008889EA /* Assets.xcassets in Resources */ = {isa = PBXBuildFile; fileRef = D283E6092AFDD296008889EA /* Assets.xcassets */; };
		D283E60D2AFDD296008889EA /* Preview Assets.xcassets in Resources */ = {isa = PBXBuildFile; fileRef = D283E60C2AFDD296008889EA /* Preview Assets.xcassets */; };
		D283E60F2AFDD296008889EA /* Persistence.swift in Sources */ = {isa = PBXBuildFile; fileRef = D283E60E2AFDD296008889EA /* Persistence.swift */; };
		D283E6122AFDD296008889EA /* Note_ing.xcdatamodeld in Sources */ = {isa = PBXBuildFile; fileRef = D283E6102AFDD296008889EA /* Note_ing.xcdatamodeld */; };
		D283E61C2AFDD296008889EA /* Note_ingTests.swift in Sources */ = {isa = PBXBuildFile; fileRef = D283E61B2AFDD296008889EA /* Note_ingTests.swift */; };
		D283E6262AFDD296008889EA /* Note_ingUITests.swift in Sources */ = {isa = PBXBuildFile; fileRef = D283E6252AFDD296008889EA /* Note_ingUITests.swift */; };
		D283E6282AFDD296008889EA /* Note_ingUITestsLaunchTests.swift in Sources */ = {isa = PBXBuildFile; fileRef = D283E6272AFDD296008889EA /* Note_ingUITestsLaunchTests.swift */; };
		D283E6362AFDD418008889EA /* RxCocoa in Frameworks */ = {isa = PBXBuildFile; productRef = D283E6352AFDD418008889EA /* RxCocoa */; };
		D283E6382AFDD418008889EA /* RxSwift in Frameworks */ = {isa = PBXBuildFile; productRef = D283E6372AFDD418008889EA /* RxSwift */; };
		D283E65E2AFDD89F008889EA /* WidgetKit.framework in Frameworks */ = {isa = PBXBuildFile; fileRef = D283E65D2AFDD89F008889EA /* WidgetKit.framework */; };
		D283E6602AFDD89F008889EA /* SwiftUI.framework in Frameworks */ = {isa = PBXBuildFile; fileRef = D283E65F2AFDD89F008889EA /* SwiftUI.framework */; };
		D283E6632AFDD89F008889EA /* Note_ing_WidgetBundle.swift in Sources */ = {isa = PBXBuildFile; fileRef = D283E6622AFDD89F008889EA /* Note_ing_WidgetBundle.swift */; };
		D283E6672AFDD89F008889EA /* Note_ing_Widget.swift in Sources */ = {isa = PBXBuildFile; fileRef = D283E6662AFDD89F008889EA /* Note_ing_Widget.swift */; };
		D283E6692AFDD8A0008889EA /* Assets.xcassets in Resources */ = {isa = PBXBuildFile; fileRef = D283E6682AFDD8A0008889EA /* Assets.xcassets */; };
		D283E66D2AFDD8A0008889EA /* Note-ing-WidgetExtension.appex in Embed Foundation Extensions */ = {isa = PBXBuildFile; fileRef = D283E65B2AFDD89F008889EA /* Note-ing-WidgetExtension.appex */; settings = {ATTRIBUTES = (RemoveHeadersOnCopy, ); }; };
/* End PBXBuildFile section */

/* Begin PBXContainerItemProxy section */
		D283E6182AFDD296008889EA /* PBXContainerItemProxy */ = {
			isa = PBXContainerItemProxy;
			containerPortal = D283E5FA2AFDD295008889EA /* Project object */;
			proxyType = 1;
			remoteGlobalIDString = D283E6012AFDD295008889EA;
			remoteInfo = "Note-ing";
		};
		D283E6222AFDD296008889EA /* PBXContainerItemProxy */ = {
			isa = PBXContainerItemProxy;
			containerPortal = D283E5FA2AFDD295008889EA /* Project object */;
			proxyType = 1;
			remoteGlobalIDString = D283E6012AFDD295008889EA;
			remoteInfo = "Note-ing";
		};
		D283E66B2AFDD8A0008889EA /* PBXContainerItemProxy */ = {
			isa = PBXContainerItemProxy;
			containerPortal = D283E5FA2AFDD295008889EA /* Project object */;
			proxyType = 1;
			remoteGlobalIDString = D283E65A2AFDD89F008889EA;
			remoteInfo = "Note-ing-WidgetExtension";
		};
/* End PBXContainerItemProxy section */

/* Begin PBXCopyFilesBuildPhase section */
		D283E66E2AFDD8A0008889EA /* Embed Foundation Extensions */ = {
			isa = PBXCopyFilesBuildPhase;
			buildActionMask = 2147483647;
			dstPath = "";
			dstSubfolderSpec = 13;
			files = (
				D283E66D2AFDD8A0008889EA /* Note-ing-WidgetExtension.appex in Embed Foundation Extensions */,
			);
			name = "Embed Foundation Extensions";
			runOnlyForDeploymentPostprocessing = 0;
		};
/* End PBXCopyFilesBuildPhase section */

/* Begin PBXFileReference section */
		323B97652B072455000B1B78 /* ToDoListViewItem.swift */ = {isa = PBXFileReference; lastKnownFileType = sourcecode.swift; path = ToDoListViewItem.swift; sourceTree = "<group>"; };
		323B97672B07256E000B1B78 /* CheckList.swift */ = {isa = PBXFileReference; lastKnownFileType = sourcecode.swift; path = CheckList.swift; sourceTree = "<group>"; };
		32D4DC562AFDEDD800304331 /* CalendarView.swift */ = {isa = PBXFileReference; lastKnownFileType = sourcecode.swift; path = CalendarView.swift; sourceTree = "<group>"; };
		32D4DC582AFDEDEA00304331 /* TodoListView.swift */ = {isa = PBXFileReference; lastKnownFileType = sourcecode.swift; path = TodoListView.swift; sourceTree = "<group>"; };
		32D4DC5A2AFDF66200304331 /* SplashView.swift */ = {isa = PBXFileReference; lastKnownFileType = sourcecode.swift; path = SplashView.swift; sourceTree = "<group>"; };
		32D4DC5E2AFDF7C800304331 /* Pretendard-ExtraLight.otf */ = {isa = PBXFileReference; lastKnownFileType = file; path = "Pretendard-ExtraLight.otf"; sourceTree = "<group>"; };
		32D4DC5F2AFDF7C800304331 /* Pretendard-Bold.otf */ = {isa = PBXFileReference; lastKnownFileType = file; path = "Pretendard-Bold.otf"; sourceTree = "<group>"; };
		32D4DC602AFDF7C800304331 /* Pretendard-Thin.otf */ = {isa = PBXFileReference; lastKnownFileType = file; path = "Pretendard-Thin.otf"; sourceTree = "<group>"; };
		32D4DC612AFDF7C800304331 /* Pretendard-ExtraBold.otf */ = {isa = PBXFileReference; lastKnownFileType = file; path = "Pretendard-ExtraBold.otf"; sourceTree = "<group>"; };
		32D4DC622AFDF7C800304331 /* Pretendard-Black.otf */ = {isa = PBXFileReference; lastKnownFileType = file; path = "Pretendard-Black.otf"; sourceTree = "<group>"; };
		32D4DC632AFDF7C900304331 /* Pretendard-SemiBold.otf */ = {isa = PBXFileReference; lastKnownFileType = file; path = "Pretendard-SemiBold.otf"; sourceTree = "<group>"; };
		32D4DC642AFDF7C900304331 /* Pretendard-Light.otf */ = {isa = PBXFileReference; lastKnownFileType = file; path = "Pretendard-Light.otf"; sourceTree = "<group>"; };
		32D4DC652AFDF7C900304331 /* Pretendard-Medium.otf */ = {isa = PBXFileReference; lastKnownFileType = file; path = "Pretendard-Medium.otf"; sourceTree = "<group>"; };
		32D4DC662AFDF7C900304331 /* Pretendard-Regular.otf */ = {isa = PBXFileReference; lastKnownFileType = file; path = "Pretendard-Regular.otf"; sourceTree = "<group>"; };
		32D4DC792AFDF7E600304331 /* FontManager.swift */ = {isa = PBXFileReference; lastKnownFileType = sourcecode.swift; path = FontManager.swift; sourceTree = "<group>"; };
		32D4DC832AFDFD5800304331 /* Info.plist */ = {isa = PBXFileReference; lastKnownFileType = text.plist.xml; path = Info.plist; sourceTree = "<group>"; };
		D283E6022AFDD295008889EA /* Note-ing.app */ = {isa = PBXFileReference; explicitFileType = wrapper.application; includeInIndex = 0; path = "Note-ing.app"; sourceTree = BUILT_PRODUCTS_DIR; };
		D283E6052AFDD295008889EA /* Note_ingApp.swift */ = {isa = PBXFileReference; lastKnownFileType = sourcecode.swift; path = Note_ingApp.swift; sourceTree = "<group>"; };
		D283E6072AFDD295008889EA /* MainView.swift */ = {isa = PBXFileReference; lastKnownFileType = sourcecode.swift; path = MainView.swift; sourceTree = "<group>"; };
		D283E6092AFDD296008889EA /* Assets.xcassets */ = {isa = PBXFileReference; lastKnownFileType = folder.assetcatalog; path = Assets.xcassets; sourceTree = "<group>"; };
		D283E60C2AFDD296008889EA /* Preview Assets.xcassets */ = {isa = PBXFileReference; lastKnownFileType = folder.assetcatalog; path = "Preview Assets.xcassets"; sourceTree = "<group>"; };
		D283E60E2AFDD296008889EA /* Persistence.swift */ = {isa = PBXFileReference; lastKnownFileType = sourcecode.swift; path = Persistence.swift; sourceTree = "<group>"; };
		D283E6112AFDD296008889EA /* Note_ing.xcdatamodel */ = {isa = PBXFileReference; lastKnownFileType = wrapper.xcdatamodel; path = Note_ing.xcdatamodel; sourceTree = "<group>"; };
		D283E6172AFDD296008889EA /* Note-ingTests.xctest */ = {isa = PBXFileReference; explicitFileType = wrapper.cfbundle; includeInIndex = 0; path = "Note-ingTests.xctest"; sourceTree = BUILT_PRODUCTS_DIR; };
		D283E61B2AFDD296008889EA /* Note_ingTests.swift */ = {isa = PBXFileReference; lastKnownFileType = sourcecode.swift; path = Note_ingTests.swift; sourceTree = "<group>"; };
		D283E6212AFDD296008889EA /* Note-ingUITests.xctest */ = {isa = PBXFileReference; explicitFileType = wrapper.cfbundle; includeInIndex = 0; path = "Note-ingUITests.xctest"; sourceTree = BUILT_PRODUCTS_DIR; };
		D283E6252AFDD296008889EA /* Note_ingUITests.swift */ = {isa = PBXFileReference; lastKnownFileType = sourcecode.swift; path = Note_ingUITests.swift; sourceTree = "<group>"; };
		D283E6272AFDD296008889EA /* Note_ingUITestsLaunchTests.swift */ = {isa = PBXFileReference; lastKnownFileType = sourcecode.swift; path = Note_ingUITestsLaunchTests.swift; sourceTree = "<group>"; };
		D283E65B2AFDD89F008889EA /* Note-ing-WidgetExtension.appex */ = {isa = PBXFileReference; explicitFileType = "wrapper.app-extension"; includeInIndex = 0; path = "Note-ing-WidgetExtension.appex"; sourceTree = BUILT_PRODUCTS_DIR; };
		D283E65D2AFDD89F008889EA /* WidgetKit.framework */ = {isa = PBXFileReference; lastKnownFileType = wrapper.framework; name = WidgetKit.framework; path = System/Library/Frameworks/WidgetKit.framework; sourceTree = SDKROOT; };
		D283E65F2AFDD89F008889EA /* SwiftUI.framework */ = {isa = PBXFileReference; lastKnownFileType = wrapper.framework; name = SwiftUI.framework; path = System/Library/Frameworks/SwiftUI.framework; sourceTree = SDKROOT; };
		D283E6622AFDD89F008889EA /* Note_ing_WidgetBundle.swift */ = {isa = PBXFileReference; lastKnownFileType = sourcecode.swift; path = Note_ing_WidgetBundle.swift; sourceTree = "<group>"; };
		D283E6662AFDD89F008889EA /* Note_ing_Widget.swift */ = {isa = PBXFileReference; lastKnownFileType = sourcecode.swift; path = Note_ing_Widget.swift; sourceTree = "<group>"; };
		D283E6682AFDD8A0008889EA /* Assets.xcassets */ = {isa = PBXFileReference; lastKnownFileType = folder.assetcatalog; path = Assets.xcassets; sourceTree = "<group>"; };
		D283E66A2AFDD8A0008889EA /* Info.plist */ = {isa = PBXFileReference; lastKnownFileType = text.plist.xml; path = Info.plist; sourceTree = "<group>"; };
/* End PBXFileReference section */

/* Begin PBXFrameworksBuildPhase section */
		D283E5FF2AFDD295008889EA /* Frameworks */ = {
			isa = PBXFrameworksBuildPhase;
			buildActionMask = 2147483647;
			files = (
				D283E6382AFDD418008889EA /* RxSwift in Frameworks */,
				D283E6362AFDD418008889EA /* RxCocoa in Frameworks */,
			);
			runOnlyForDeploymentPostprocessing = 0;
		};
		D283E6142AFDD296008889EA /* Frameworks */ = {
			isa = PBXFrameworksBuildPhase;
			buildActionMask = 2147483647;
			files = (
			);
			runOnlyForDeploymentPostprocessing = 0;
		};
		D283E61E2AFDD296008889EA /* Frameworks */ = {
			isa = PBXFrameworksBuildPhase;
			buildActionMask = 2147483647;
			files = (
			);
			runOnlyForDeploymentPostprocessing = 0;
		};
		D283E6582AFDD89F008889EA /* Frameworks */ = {
			isa = PBXFrameworksBuildPhase;
			buildActionMask = 2147483647;
			files = (
				D283E6602AFDD89F008889EA /* SwiftUI.framework in Frameworks */,
				D283E65E2AFDD89F008889EA /* WidgetKit.framework in Frameworks */,
			);
			runOnlyForDeploymentPostprocessing = 0;
		};
/* End PBXFrameworksBuildPhase section */

/* Begin PBXGroup section */
		32D4DC5C2AFDF75300304331 /* Font */ = {
			isa = PBXGroup;
			children = (
				32D4DC792AFDF7E600304331 /* FontManager.swift */,
				32D4DC5D2AFDF7AA00304331 /* Pretendard */,
			);
			path = Font;
			sourceTree = "<group>";
		};
		32D4DC5D2AFDF7AA00304331 /* Pretendard */ = {
			isa = PBXGroup;
			children = (
				32D4DC622AFDF7C800304331 /* Pretendard-Black.otf */,
				32D4DC5F2AFDF7C800304331 /* Pretendard-Bold.otf */,
				32D4DC612AFDF7C800304331 /* Pretendard-ExtraBold.otf */,
				32D4DC5E2AFDF7C800304331 /* Pretendard-ExtraLight.otf */,
				32D4DC642AFDF7C900304331 /* Pretendard-Light.otf */,
				32D4DC652AFDF7C900304331 /* Pretendard-Medium.otf */,
				32D4DC662AFDF7C900304331 /* Pretendard-Regular.otf */,
				32D4DC632AFDF7C900304331 /* Pretendard-SemiBold.otf */,
				32D4DC602AFDF7C800304331 /* Pretendard-Thin.otf */,
			);
			path = Pretendard;
			sourceTree = "<group>";
		};
		32D4DC842AFE074100304331 /* Resource */ = {
			isa = PBXGroup;
			children = (
				32D4DC5C2AFDF75300304331 /* Font */,
				D283E6092AFDD296008889EA /* Assets.xcassets */,
			);
			path = Resource;
			sourceTree = "<group>";
		};
		32D4DC852AFE075600304331 /* Presentation */ = {
			isa = PBXGroup;
			children = (
				32D4DC892AFE0A0B00304331 /* ToDoList */,
				32D4DC882AFE09D100304331 /* Calendar */,
				D283E6072AFDD295008889EA /* MainView.swift */,
				32D4DC5A2AFDF66200304331 /* SplashView.swift */,
			);
			path = Presentation;
			sourceTree = "<group>";
		};
		32D4DC862AFE086200304331 /* Data */ = {
			isa = PBXGroup;
			children = (
				D283E6102AFDD296008889EA /* Note_ing.xcdatamodeld */,
				D283E60E2AFDD296008889EA /* Persistence.swift */,
				323B97672B07256E000B1B78 /* CheckList.swift */,
			);
			path = Data;
			sourceTree = "<group>";
		};
		32D4DC872AFE09B800304331 /* Application */ = {
			isa = PBXGroup;
			children = (
				D283E6052AFDD295008889EA /* Note_ingApp.swift */,
			);
			path = Application;
			sourceTree = "<group>";
		};
		32D4DC882AFE09D100304331 /* Calendar */ = {
			isa = PBXGroup;
			children = (
				32D4DC8D2AFE0A6200304331 /* View */,
				32D4DC8C2AFE0A5500304331 /* ViewModel */,
			);
			path = Calendar;
			sourceTree = "<group>";
		};
		32D4DC892AFE0A0B00304331 /* ToDoList */ = {
			isa = PBXGroup;
			children = (
				32D4DC8A2AFE0A3100304331 /* View */,
				32D4DC8B2AFE0A3D00304331 /* ViewModel */,
			);
			path = ToDoList;
			sourceTree = "<group>";
		};
		32D4DC8A2AFE0A3100304331 /* View */ = {
			isa = PBXGroup;
			children = (
				32D4DC582AFDEDEA00304331 /* TodoListView.swift */,
				323B97652B072455000B1B78 /* ToDoListViewItem.swift */,
			);
			path = View;
			sourceTree = "<group>";
		};
		32D4DC8B2AFE0A3D00304331 /* ViewModel */ = {
			isa = PBXGroup;
			children = (
			);
			path = ViewModel;
			sourceTree = "<group>";
		};
		32D4DC8C2AFE0A5500304331 /* ViewModel */ = {
			isa = PBXGroup;
			children = (
			);
			path = ViewModel;
			sourceTree = "<group>";
		};
		32D4DC8D2AFE0A6200304331 /* View */ = {
			isa = PBXGroup;
			children = (
				32D4DC562AFDEDD800304331 /* CalendarView.swift */,
			);
			path = View;
			sourceTree = "<group>";
		};
		D283E5F92AFDD295008889EA = {
			isa = PBXGroup;
			children = (
				D283E6042AFDD295008889EA /* Note-ing */,
				D283E61A2AFDD296008889EA /* Note-ingTests */,
				D283E6242AFDD296008889EA /* Note-ingUITests */,
				D283E6612AFDD89F008889EA /* Note-ing-Widget */,
				D283E65C2AFDD89F008889EA /* Frameworks */,
				D283E6032AFDD295008889EA /* Products */,
			);
			sourceTree = "<group>";
		};
		D283E6032AFDD295008889EA /* Products */ = {
			isa = PBXGroup;
			children = (
				D283E6022AFDD295008889EA /* Note-ing.app */,
				D283E6172AFDD296008889EA /* Note-ingTests.xctest */,
				D283E6212AFDD296008889EA /* Note-ingUITests.xctest */,
				D283E65B2AFDD89F008889EA /* Note-ing-WidgetExtension.appex */,
			);
			name = Products;
			sourceTree = "<group>";
		};
		D283E6042AFDD295008889EA /* Note-ing */ = {
			isa = PBXGroup;
			children = (
				32D4DC832AFDFD5800304331 /* Info.plist */,
				D283E60B2AFDD296008889EA /* Preview Content */,
				32D4DC872AFE09B800304331 /* Application */,
				32D4DC862AFE086200304331 /* Data */,
				32D4DC852AFE075600304331 /* Presentation */,
				32D4DC842AFE074100304331 /* Resource */,
			);
			path = "Note-ing";
			sourceTree = "<group>";
		};
		D283E60B2AFDD296008889EA /* Preview Content */ = {
			isa = PBXGroup;
			children = (
				D283E60C2AFDD296008889EA /* Preview Assets.xcassets */,
			);
			path = "Preview Content";
			sourceTree = "<group>";
		};
		D283E61A2AFDD296008889EA /* Note-ingTests */ = {
			isa = PBXGroup;
			children = (
				D283E61B2AFDD296008889EA /* Note_ingTests.swift */,
			);
			path = "Note-ingTests";
			sourceTree = "<group>";
		};
		D283E6242AFDD296008889EA /* Note-ingUITests */ = {
			isa = PBXGroup;
			children = (
				D283E6252AFDD296008889EA /* Note_ingUITests.swift */,
				D283E6272AFDD296008889EA /* Note_ingUITestsLaunchTests.swift */,
			);
			path = "Note-ingUITests";
			sourceTree = "<group>";
		};
		D283E65C2AFDD89F008889EA /* Frameworks */ = {
			isa = PBXGroup;
			children = (
				D283E65D2AFDD89F008889EA /* WidgetKit.framework */,
				D283E65F2AFDD89F008889EA /* SwiftUI.framework */,
			);
			name = Frameworks;
			sourceTree = "<group>";
		};
		D283E6612AFDD89F008889EA /* Note-ing-Widget */ = {
			isa = PBXGroup;
			children = (
				D283E6622AFDD89F008889EA /* Note_ing_WidgetBundle.swift */,
				D283E6662AFDD89F008889EA /* Note_ing_Widget.swift */,
				D283E6682AFDD8A0008889EA /* Assets.xcassets */,
				D283E66A2AFDD8A0008889EA /* Info.plist */,
			);
			path = "Note-ing-Widget";
			sourceTree = "<group>";
		};
/* End PBXGroup section */

/* Begin PBXNativeTarget section */
		D283E6012AFDD295008889EA /* Note-ing */ = {
			isa = PBXNativeTarget;
			buildConfigurationList = D283E62B2AFDD296008889EA /* Build configuration list for PBXNativeTarget "Note-ing" */;
			buildPhases = (
				D283E5FE2AFDD295008889EA /* Sources */,
				D283E5FF2AFDD295008889EA /* Frameworks */,
				D283E6002AFDD295008889EA /* Resources */,
				D283E66E2AFDD8A0008889EA /* Embed Foundation Extensions */,
			);
			buildRules = (
			);
			dependencies = (
				D283E66C2AFDD8A0008889EA /* PBXTargetDependency */,
			);
			name = "Note-ing";
			packageProductDependencies = (
				D283E6352AFDD418008889EA /* RxCocoa */,
				D283E6372AFDD418008889EA /* RxSwift */,
			);
			productName = "Note-ing";
			productReference = D283E6022AFDD295008889EA /* Note-ing.app */;
			productType = "com.apple.product-type.application";
		};
		D283E6162AFDD296008889EA /* Note-ingTests */ = {
			isa = PBXNativeTarget;
			buildConfigurationList = D283E62E2AFDD296008889EA /* Build configuration list for PBXNativeTarget "Note-ingTests" */;
			buildPhases = (
				D283E6132AFDD296008889EA /* Sources */,
				D283E6142AFDD296008889EA /* Frameworks */,
				D283E6152AFDD296008889EA /* Resources */,
			);
			buildRules = (
			);
			dependencies = (
				D283E6192AFDD296008889EA /* PBXTargetDependency */,
			);
			name = "Note-ingTests";
			productName = "Note-ingTests";
			productReference = D283E6172AFDD296008889EA /* Note-ingTests.xctest */;
			productType = "com.apple.product-type.bundle.unit-test";
		};
		D283E6202AFDD296008889EA /* Note-ingUITests */ = {
			isa = PBXNativeTarget;
			buildConfigurationList = D283E6312AFDD296008889EA /* Build configuration list for PBXNativeTarget "Note-ingUITests" */;
			buildPhases = (
				D283E61D2AFDD296008889EA /* Sources */,
				D283E61E2AFDD296008889EA /* Frameworks */,
				D283E61F2AFDD296008889EA /* Resources */,
			);
			buildRules = (
			);
			dependencies = (
				D283E6232AFDD296008889EA /* PBXTargetDependency */,
			);
			name = "Note-ingUITests";
			productName = "Note-ingUITests";
			productReference = D283E6212AFDD296008889EA /* Note-ingUITests.xctest */;
			productType = "com.apple.product-type.bundle.ui-testing";
		};
		D283E65A2AFDD89F008889EA /* Note-ing-WidgetExtension */ = {
			isa = PBXNativeTarget;
			buildConfigurationList = D283E6712AFDD8A0008889EA /* Build configuration list for PBXNativeTarget "Note-ing-WidgetExtension" */;
			buildPhases = (
				D283E6572AFDD89F008889EA /* Sources */,
				D283E6582AFDD89F008889EA /* Frameworks */,
				D283E6592AFDD89F008889EA /* Resources */,
			);
			buildRules = (
			);
			dependencies = (
			);
			name = "Note-ing-WidgetExtension";
			productName = "Note-ing-WidgetExtension";
			productReference = D283E65B2AFDD89F008889EA /* Note-ing-WidgetExtension.appex */;
			productType = "com.apple.product-type.app-extension";
		};
/* End PBXNativeTarget section */

/* Begin PBXProject section */
		D283E5FA2AFDD295008889EA /* Project object */ = {
			isa = PBXProject;
			attributes = {
				BuildIndependentTargetsInParallel = 1;
				LastSwiftUpdateCheck = 1420;
				LastUpgradeCheck = 1420;
				TargetAttributes = {
					D283E6012AFDD295008889EA = {
						CreatedOnToolsVersion = 14.2;
					};
					D283E6162AFDD296008889EA = {
						CreatedOnToolsVersion = 14.2;
						TestTargetID = D283E6012AFDD295008889EA;
					};
					D283E6202AFDD296008889EA = {
						CreatedOnToolsVersion = 14.2;
						TestTargetID = D283E6012AFDD295008889EA;
					};
					D283E65A2AFDD89F008889EA = {
						CreatedOnToolsVersion = 14.2;
					};
				};
			};
			buildConfigurationList = D283E5FD2AFDD295008889EA /* Build configuration list for PBXProject "Note-ing" */;
			compatibilityVersion = "Xcode 14.0";
			developmentRegion = en;
			hasScannedForEncodings = 0;
			knownRegions = (
				en,
				Base,
			);
			mainGroup = D283E5F92AFDD295008889EA;
			packageReferences = (
				D283E6342AFDD418008889EA /* XCRemoteSwiftPackageReference "RxSwift" */,
			);
			productRefGroup = D283E6032AFDD295008889EA /* Products */;
			projectDirPath = "";
			projectRoot = "";
			targets = (
				D283E6012AFDD295008889EA /* Note-ing */,
				D283E6162AFDD296008889EA /* Note-ingTests */,
				D283E6202AFDD296008889EA /* Note-ingUITests */,
				D283E65A2AFDD89F008889EA /* Note-ing-WidgetExtension */,
			);
		};
/* End PBXProject section */

/* Begin PBXResourcesBuildPhase section */
		D283E6002AFDD295008889EA /* Resources */ = {
			isa = PBXResourcesBuildPhase;
			buildActionMask = 2147483647;
			files = (
				32D4DC672AFDF7C900304331 /* Pretendard-ExtraLight.otf in Resources */,
				32D4DC752AFDF7C900304331 /* Pretendard-Medium.otf in Resources */,
				32D4DC6B2AFDF7C900304331 /* Pretendard-Thin.otf in Resources */,
				32D4DC6D2AFDF7C900304331 /* Pretendard-ExtraBold.otf in Resources */,
				32D4DC712AFDF7C900304331 /* Pretendard-SemiBold.otf in Resources */,
				32D4DC692AFDF7C900304331 /* Pretendard-Bold.otf in Resources */,
				D283E60D2AFDD296008889EA /* Preview Assets.xcassets in Resources */,
				32D4DC6F2AFDF7C900304331 /* Pretendard-Black.otf in Resources */,
				32D4DC772AFDF7C900304331 /* Pretendard-Regular.otf in Resources */,
				D283E60A2AFDD296008889EA /* Assets.xcassets in Resources */,
				32D4DC732AFDF7C900304331 /* Pretendard-Light.otf in Resources */,
			);
			runOnlyForDeploymentPostprocessing = 0;
		};
		D283E6152AFDD296008889EA /* Resources */ = {
			isa = PBXResourcesBuildPhase;
			buildActionMask = 2147483647;
			files = (
				32D4DC7C2AFDF9E500304331 /* Pretendard-Black.otf in Resources */,
				32D4DC7E2AFDF9EB00304331 /* Pretendard-Bold.otf in Resources */,
			);
			runOnlyForDeploymentPostprocessing = 0;
		};
		D283E61F2AFDD296008889EA /* Resources */ = {
			isa = PBXResourcesBuildPhase;
			buildActionMask = 2147483647;
			files = (
				32D4DC7D2AFDF9E600304331 /* Pretendard-Black.otf in Resources */,
				32D4DC7F2AFDF9EB00304331 /* Pretendard-Bold.otf in Resources */,
			);
			runOnlyForDeploymentPostprocessing = 0;
		};
		D283E6592AFDD89F008889EA /* Resources */ = {
			isa = PBXResourcesBuildPhase;
			buildActionMask = 2147483647;
			files = (
				32D4DC682AFDF7C900304331 /* Pretendard-ExtraLight.otf in Resources */,
				32D4DC742AFDF7C900304331 /* Pretendard-Light.otf in Resources */,
				32D4DC6A2AFDF7C900304331 /* Pretendard-Bold.otf in Resources */,
				32D4DC722AFDF7C900304331 /* Pretendard-SemiBold.otf in Resources */,
				32D4DC6E2AFDF7C900304331 /* Pretendard-ExtraBold.otf in Resources */,
				D283E6692AFDD8A0008889EA /* Assets.xcassets in Resources */,
				32D4DC702AFDF7C900304331 /* Pretendard-Black.otf in Resources */,
				32D4DC782AFDF7C900304331 /* Pretendard-Regular.otf in Resources */,
				32D4DC6C2AFDF7C900304331 /* Pretendard-Thin.otf in Resources */,
				32D4DC762AFDF7C900304331 /* Pretendard-Medium.otf in Resources */,
			);
			runOnlyForDeploymentPostprocessing = 0;
		};
/* End PBXResourcesBuildPhase section */

/* Begin PBXSourcesBuildPhase section */
		D283E5FE2AFDD295008889EA /* Sources */ = {
			isa = PBXSourcesBuildPhase;
			buildActionMask = 2147483647;
			files = (
				32D4DC572AFDEDD800304331 /* CalendarView.swift in Sources */,
				D283E6122AFDD296008889EA /* Note_ing.xcdatamodeld in Sources */,
				323B97682B07256E000B1B78 /* CheckList.swift in Sources */,
				323B97662B072455000B1B78 /* ToDoListViewItem.swift in Sources */,
				32D4DC592AFDEDEA00304331 /* TodoListView.swift in Sources */,
				D283E60F2AFDD296008889EA /* Persistence.swift in Sources */,
				D283E6082AFDD295008889EA /* MainView.swift in Sources */,
				D283E6062AFDD295008889EA /* Note_ingApp.swift in Sources */,
				32D4DC7A2AFDF7E600304331 /* FontManager.swift in Sources */,
				32D4DC5B2AFDF66200304331 /* SplashView.swift in Sources */,
			);
			runOnlyForDeploymentPostprocessing = 0;
		};
		D283E6132AFDD296008889EA /* Sources */ = {
			isa = PBXSourcesBuildPhase;
			buildActionMask = 2147483647;
			files = (
				D283E61C2AFDD296008889EA /* Note_ingTests.swift in Sources */,
			);
			runOnlyForDeploymentPostprocessing = 0;
		};
		D283E61D2AFDD296008889EA /* Sources */ = {
			isa = PBXSourcesBuildPhase;
			buildActionMask = 2147483647;
			files = (
				D283E6282AFDD296008889EA /* Note_ingUITestsLaunchTests.swift in Sources */,
				D283E6262AFDD296008889EA /* Note_ingUITests.swift in Sources */,
			);
			runOnlyForDeploymentPostprocessing = 0;
		};
		D283E6572AFDD89F008889EA /* Sources */ = {
			isa = PBXSourcesBuildPhase;
			buildActionMask = 2147483647;
			files = (
				D283E6672AFDD89F008889EA /* Note_ing_Widget.swift in Sources */,
				32D4DC7B2AFDF7E600304331 /* FontManager.swift in Sources */,
				D283E6632AFDD89F008889EA /* Note_ing_WidgetBundle.swift in Sources */,
			);
			runOnlyForDeploymentPostprocessing = 0;
		};
/* End PBXSourcesBuildPhase section */

/* Begin PBXTargetDependency section */
		D283E6192AFDD296008889EA /* PBXTargetDependency */ = {
			isa = PBXTargetDependency;
			target = D283E6012AFDD295008889EA /* Note-ing */;
			targetProxy = D283E6182AFDD296008889EA /* PBXContainerItemProxy */;
		};
		D283E6232AFDD296008889EA /* PBXTargetDependency */ = {
			isa = PBXTargetDependency;
			target = D283E6012AFDD295008889EA /* Note-ing */;
			targetProxy = D283E6222AFDD296008889EA /* PBXContainerItemProxy */;
		};
		D283E66C2AFDD8A0008889EA /* PBXTargetDependency */ = {
			isa = PBXTargetDependency;
			target = D283E65A2AFDD89F008889EA /* Note-ing-WidgetExtension */;
			targetProxy = D283E66B2AFDD8A0008889EA /* PBXContainerItemProxy */;
		};
/* End PBXTargetDependency section */

/* Begin XCBuildConfiguration section */
		D283E6292AFDD296008889EA /* Debug */ = {
			isa = XCBuildConfiguration;
			buildSettings = {
				ALWAYS_SEARCH_USER_PATHS = NO;
				CLANG_ANALYZER_NONNULL = YES;
				CLANG_ANALYZER_NUMBER_OBJECT_CONVERSION = YES_AGGRESSIVE;
				CLANG_CXX_LANGUAGE_STANDARD = "gnu++20";
				CLANG_ENABLE_MODULES = YES;
				CLANG_ENABLE_OBJC_ARC = YES;
				CLANG_ENABLE_OBJC_WEAK = YES;
				CLANG_WARN_BLOCK_CAPTURE_AUTORELEASING = YES;
				CLANG_WARN_BOOL_CONVERSION = YES;
				CLANG_WARN_COMMA = YES;
				CLANG_WARN_CONSTANT_CONVERSION = YES;
				CLANG_WARN_DEPRECATED_OBJC_IMPLEMENTATIONS = YES;
				CLANG_WARN_DIRECT_OBJC_ISA_USAGE = YES_ERROR;
				CLANG_WARN_DOCUMENTATION_COMMENTS = YES;
				CLANG_WARN_EMPTY_BODY = YES;
				CLANG_WARN_ENUM_CONVERSION = YES;
				CLANG_WARN_INFINITE_RECURSION = YES;
				CLANG_WARN_INT_CONVERSION = YES;
				CLANG_WARN_NON_LITERAL_NULL_CONVERSION = YES;
				CLANG_WARN_OBJC_IMPLICIT_RETAIN_SELF = YES;
				CLANG_WARN_OBJC_LITERAL_CONVERSION = YES;
				CLANG_WARN_OBJC_ROOT_CLASS = YES_ERROR;
				CLANG_WARN_QUOTED_INCLUDE_IN_FRAMEWORK_HEADER = YES;
				CLANG_WARN_RANGE_LOOP_ANALYSIS = YES;
				CLANG_WARN_STRICT_PROTOTYPES = YES;
				CLANG_WARN_SUSPICIOUS_MOVE = YES;
				CLANG_WARN_UNGUARDED_AVAILABILITY = YES_AGGRESSIVE;
				CLANG_WARN_UNREACHABLE_CODE = YES;
				CLANG_WARN__DUPLICATE_METHOD_MATCH = YES;
				COPY_PHASE_STRIP = NO;
				DEBUG_INFORMATION_FORMAT = dwarf;
				ENABLE_STRICT_OBJC_MSGSEND = YES;
				ENABLE_TESTABILITY = YES;
				GCC_C_LANGUAGE_STANDARD = gnu11;
				GCC_DYNAMIC_NO_PIC = NO;
				GCC_NO_COMMON_BLOCKS = YES;
				GCC_OPTIMIZATION_LEVEL = 0;
				GCC_PREPROCESSOR_DEFINITIONS = (
					"DEBUG=1",
					"$(inherited)",
				);
				GCC_WARN_64_TO_32_BIT_CONVERSION = YES;
				GCC_WARN_ABOUT_RETURN_TYPE = YES_ERROR;
				GCC_WARN_UNDECLARED_SELECTOR = YES;
				GCC_WARN_UNINITIALIZED_AUTOS = YES_AGGRESSIVE;
				GCC_WARN_UNUSED_FUNCTION = YES;
				GCC_WARN_UNUSED_VARIABLE = YES;
				IPHONEOS_DEPLOYMENT_TARGET = 14.1;
				MTL_ENABLE_DEBUG_INFO = INCLUDE_SOURCE;
				MTL_FAST_MATH = YES;
				ONLY_ACTIVE_ARCH = YES;
				SDKROOT = iphoneos;
				SWIFT_ACTIVE_COMPILATION_CONDITIONS = DEBUG;
				SWIFT_OPTIMIZATION_LEVEL = "-Onone";
			};
			name = Debug;
		};
		D283E62A2AFDD296008889EA /* Release */ = {
			isa = XCBuildConfiguration;
			buildSettings = {
				ALWAYS_SEARCH_USER_PATHS = NO;
				CLANG_ANALYZER_NONNULL = YES;
				CLANG_ANALYZER_NUMBER_OBJECT_CONVERSION = YES_AGGRESSIVE;
				CLANG_CXX_LANGUAGE_STANDARD = "gnu++20";
				CLANG_ENABLE_MODULES = YES;
				CLANG_ENABLE_OBJC_ARC = YES;
				CLANG_ENABLE_OBJC_WEAK = YES;
				CLANG_WARN_BLOCK_CAPTURE_AUTORELEASING = YES;
				CLANG_WARN_BOOL_CONVERSION = YES;
				CLANG_WARN_COMMA = YES;
				CLANG_WARN_CONSTANT_CONVERSION = YES;
				CLANG_WARN_DEPRECATED_OBJC_IMPLEMENTATIONS = YES;
				CLANG_WARN_DIRECT_OBJC_ISA_USAGE = YES_ERROR;
				CLANG_WARN_DOCUMENTATION_COMMENTS = YES;
				CLANG_WARN_EMPTY_BODY = YES;
				CLANG_WARN_ENUM_CONVERSION = YES;
				CLANG_WARN_INFINITE_RECURSION = YES;
				CLANG_WARN_INT_CONVERSION = YES;
				CLANG_WARN_NON_LITERAL_NULL_CONVERSION = YES;
				CLANG_WARN_OBJC_IMPLICIT_RETAIN_SELF = YES;
				CLANG_WARN_OBJC_LITERAL_CONVERSION = YES;
				CLANG_WARN_OBJC_ROOT_CLASS = YES_ERROR;
				CLANG_WARN_QUOTED_INCLUDE_IN_FRAMEWORK_HEADER = YES;
				CLANG_WARN_RANGE_LOOP_ANALYSIS = YES;
				CLANG_WARN_STRICT_PROTOTYPES = YES;
				CLANG_WARN_SUSPICIOUS_MOVE = YES;
				CLANG_WARN_UNGUARDED_AVAILABILITY = YES_AGGRESSIVE;
				CLANG_WARN_UNREACHABLE_CODE = YES;
				CLANG_WARN__DUPLICATE_METHOD_MATCH = YES;
				COPY_PHASE_STRIP = NO;
				DEBUG_INFORMATION_FORMAT = "dwarf-with-dsym";
				ENABLE_NS_ASSERTIONS = NO;
				ENABLE_STRICT_OBJC_MSGSEND = YES;
				GCC_C_LANGUAGE_STANDARD = gnu11;
				GCC_NO_COMMON_BLOCKS = YES;
				GCC_WARN_64_TO_32_BIT_CONVERSION = YES;
				GCC_WARN_ABOUT_RETURN_TYPE = YES_ERROR;
				GCC_WARN_UNDECLARED_SELECTOR = YES;
				GCC_WARN_UNINITIALIZED_AUTOS = YES_AGGRESSIVE;
				GCC_WARN_UNUSED_FUNCTION = YES;
				GCC_WARN_UNUSED_VARIABLE = YES;
				IPHONEOS_DEPLOYMENT_TARGET = 14.1;
				MTL_ENABLE_DEBUG_INFO = NO;
				MTL_FAST_MATH = YES;
				SDKROOT = iphoneos;
				SWIFT_COMPILATION_MODE = wholemodule;
				SWIFT_OPTIMIZATION_LEVEL = "-O";
				VALIDATE_PRODUCT = YES;
			};
			name = Release;
		};
		D283E62C2AFDD296008889EA /* Debug */ = {
			isa = XCBuildConfiguration;
			buildSettings = {
				ALWAYS_EMBED_SWIFT_STANDARD_LIBRARIES = YES;
				ASSETCATALOG_COMPILER_APPICON_NAME = AppIcon;
				ASSETCATALOG_COMPILER_GLOBAL_ACCENT_COLOR_NAME = AccentColor;
				CODE_SIGN_STYLE = Automatic;
				CURRENT_PROJECT_VERSION = 1;
				DEVELOPMENT_ASSET_PATHS = "\"Note-ing/Preview Content\"";
				ENABLE_PREVIEWS = YES;
				GENERATE_INFOPLIST_FILE = YES;
				INFOPLIST_FILE = "Note-ing/Info.plist";
				INFOPLIST_KEY_UIApplicationSceneManifest_Generation = YES;
				INFOPLIST_KEY_UIApplicationSupportsIndirectInputEvents = YES;
				INFOPLIST_KEY_UILaunchScreen_Generation = YES;
				INFOPLIST_KEY_UISupportedInterfaceOrientations_iPad = "UIInterfaceOrientationPortrait UIInterfaceOrientationPortraitUpsideDown UIInterfaceOrientationLandscapeLeft UIInterfaceOrientationLandscapeRight";
				INFOPLIST_KEY_UISupportedInterfaceOrientations_iPhone = "UIInterfaceOrientationPortrait UIInterfaceOrientationLandscapeLeft UIInterfaceOrientationLandscapeRight";
				LD_RUNPATH_SEARCH_PATHS = (
					"$(inherited)",
					"@executable_path/Frameworks",
				);
				MARKETING_VERSION = 1.0;
				PRODUCT_BUNDLE_IDENTIFIER = "com.Horangee.Note-ing";
				PRODUCT_NAME = "$(TARGET_NAME)";
				SWIFT_EMIT_LOC_STRINGS = YES;
				SWIFT_VERSION = 5.0;
				TARGETED_DEVICE_FAMILY = "1,2";
			};
			name = Debug;
		};
		D283E62D2AFDD296008889EA /* Release */ = {
			isa = XCBuildConfiguration;
			buildSettings = {
				ALWAYS_EMBED_SWIFT_STANDARD_LIBRARIES = YES;
				ASSETCATALOG_COMPILER_APPICON_NAME = AppIcon;
				ASSETCATALOG_COMPILER_GLOBAL_ACCENT_COLOR_NAME = AccentColor;
				CODE_SIGN_STYLE = Automatic;
				CURRENT_PROJECT_VERSION = 1;
				DEVELOPMENT_ASSET_PATHS = "\"Note-ing/Preview Content\"";
				ENABLE_PREVIEWS = YES;
				GENERATE_INFOPLIST_FILE = YES;
				INFOPLIST_FILE = "Note-ing/Info.plist";
				INFOPLIST_KEY_UIApplicationSceneManifest_Generation = YES;
				INFOPLIST_KEY_UIApplicationSupportsIndirectInputEvents = YES;
				INFOPLIST_KEY_UILaunchScreen_Generation = YES;
				INFOPLIST_KEY_UISupportedInterfaceOrientations_iPad = "UIInterfaceOrientationPortrait UIInterfaceOrientationPortraitUpsideDown UIInterfaceOrientationLandscapeLeft UIInterfaceOrientationLandscapeRight";
				INFOPLIST_KEY_UISupportedInterfaceOrientations_iPhone = "UIInterfaceOrientationPortrait UIInterfaceOrientationLandscapeLeft UIInterfaceOrientationLandscapeRight";
				LD_RUNPATH_SEARCH_PATHS = (
					"$(inherited)",
					"@executable_path/Frameworks",
				);
				MARKETING_VERSION = 1.0;
				PRODUCT_BUNDLE_IDENTIFIER = "com.Horangee.Note-ing";
				PRODUCT_NAME = "$(TARGET_NAME)";
				SWIFT_EMIT_LOC_STRINGS = YES;
				SWIFT_VERSION = 5.0;
				TARGETED_DEVICE_FAMILY = "1,2";
			};
			name = Release;
		};
		D283E62F2AFDD296008889EA /* Debug */ = {
			isa = XCBuildConfiguration;
			buildSettings = {
				ALWAYS_EMBED_SWIFT_STANDARD_LIBRARIES = YES;
				BUNDLE_LOADER = "$(TEST_HOST)";
				CODE_SIGN_STYLE = Automatic;
				CURRENT_PROJECT_VERSION = 1;
				GENERATE_INFOPLIST_FILE = YES;
				IPHONEOS_DEPLOYMENT_TARGET = 16.2;
				MARKETING_VERSION = 1.0;
				PRODUCT_BUNDLE_IDENTIFIER = "com.Horangee.Note-ingTests";
				PRODUCT_NAME = "$(TARGET_NAME)";
				SWIFT_EMIT_LOC_STRINGS = NO;
				SWIFT_VERSION = 5.0;
				TARGETED_DEVICE_FAMILY = "1,2";
				TEST_HOST = "$(BUILT_PRODUCTS_DIR)/Note-ing.app/$(BUNDLE_EXECUTABLE_FOLDER_PATH)/Note-ing";
			};
			name = Debug;
		};
		D283E6302AFDD296008889EA /* Release */ = {
			isa = XCBuildConfiguration;
			buildSettings = {
				ALWAYS_EMBED_SWIFT_STANDARD_LIBRARIES = YES;
				BUNDLE_LOADER = "$(TEST_HOST)";
				CODE_SIGN_STYLE = Automatic;
				CURRENT_PROJECT_VERSION = 1;
				GENERATE_INFOPLIST_FILE = YES;
				IPHONEOS_DEPLOYMENT_TARGET = 16.2;
				MARKETING_VERSION = 1.0;
				PRODUCT_BUNDLE_IDENTIFIER = "com.Horangee.Note-ingTests";
				PRODUCT_NAME = "$(TARGET_NAME)";
				SWIFT_EMIT_LOC_STRINGS = NO;
				SWIFT_VERSION = 5.0;
				TARGETED_DEVICE_FAMILY = "1,2";
				TEST_HOST = "$(BUILT_PRODUCTS_DIR)/Note-ing.app/$(BUNDLE_EXECUTABLE_FOLDER_PATH)/Note-ing";
			};
			name = Release;
		};
		D283E6322AFDD296008889EA /* Debug */ = {
			isa = XCBuildConfiguration;
			buildSettings = {
				ALWAYS_EMBED_SWIFT_STANDARD_LIBRARIES = YES;
				CODE_SIGN_STYLE = Automatic;
				CURRENT_PROJECT_VERSION = 1;
				GENERATE_INFOPLIST_FILE = YES;
				MARKETING_VERSION = 1.0;
				PRODUCT_BUNDLE_IDENTIFIER = "com.Horangee.Note-ingUITests";
				PRODUCT_NAME = "$(TARGET_NAME)";
				SWIFT_EMIT_LOC_STRINGS = NO;
				SWIFT_VERSION = 5.0;
				TARGETED_DEVICE_FAMILY = "1,2";
				TEST_TARGET_NAME = "Note-ing";
			};
			name = Debug;
		};
		D283E6332AFDD296008889EA /* Release */ = {
			isa = XCBuildConfiguration;
			buildSettings = {
				ALWAYS_EMBED_SWIFT_STANDARD_LIBRARIES = YES;
				CODE_SIGN_STYLE = Automatic;
				CURRENT_PROJECT_VERSION = 1;
				GENERATE_INFOPLIST_FILE = YES;
				MARKETING_VERSION = 1.0;
				PRODUCT_BUNDLE_IDENTIFIER = "com.Horangee.Note-ingUITests";
				PRODUCT_NAME = "$(TARGET_NAME)";
				SWIFT_EMIT_LOC_STRINGS = NO;
				SWIFT_VERSION = 5.0;
				TARGETED_DEVICE_FAMILY = "1,2";
				TEST_TARGET_NAME = "Note-ing";
			};
			name = Release;
		};
		D283E66F2AFDD8A0008889EA /* Debug */ = {
			isa = XCBuildConfiguration;
			buildSettings = {
				ASSETCATALOG_COMPILER_GLOBAL_ACCENT_COLOR_NAME = AccentColor;
				ASSETCATALOG_COMPILER_WIDGET_BACKGROUND_COLOR_NAME = WidgetBackground;
				CODE_SIGN_STYLE = Automatic;
				CURRENT_PROJECT_VERSION = 1;
				GENERATE_INFOPLIST_FILE = YES;
				INFOPLIST_FILE = "Note-ing-Widget/Info.plist";
				INFOPLIST_KEY_CFBundleDisplayName = "Note-ing-Widget";
				INFOPLIST_KEY_NSHumanReadableCopyright = "";
				LD_RUNPATH_SEARCH_PATHS = (
					"$(inherited)",
					"@executable_path/Frameworks",
					"@executable_path/../../Frameworks",
				);
				MARKETING_VERSION = 1.0;
				PRODUCT_BUNDLE_IDENTIFIER = "com.Horangee.Note-ing.Note-ing-Widget";
				PRODUCT_NAME = "$(TARGET_NAME)";
				SKIP_INSTALL = YES;
				SWIFT_EMIT_LOC_STRINGS = YES;
				SWIFT_VERSION = 5.0;
				TARGETED_DEVICE_FAMILY = "1,2";
			};
			name = Debug;
		};
		D283E6702AFDD8A0008889EA /* Release */ = {
			isa = XCBuildConfiguration;
			buildSettings = {
				ASSETCATALOG_COMPILER_GLOBAL_ACCENT_COLOR_NAME = AccentColor;
				ASSETCATALOG_COMPILER_WIDGET_BACKGROUND_COLOR_NAME = WidgetBackground;
				CODE_SIGN_STYLE = Automatic;
				CURRENT_PROJECT_VERSION = 1;
				GENERATE_INFOPLIST_FILE = YES;
				INFOPLIST_FILE = "Note-ing-Widget/Info.plist";
				INFOPLIST_KEY_CFBundleDisplayName = "Note-ing-Widget";
				INFOPLIST_KEY_NSHumanReadableCopyright = "";
				LD_RUNPATH_SEARCH_PATHS = (
					"$(inherited)",
					"@executable_path/Frameworks",
					"@executable_path/../../Frameworks",
				);
				MARKETING_VERSION = 1.0;
				PRODUCT_BUNDLE_IDENTIFIER = "com.Horangee.Note-ing.Note-ing-Widget";
				PRODUCT_NAME = "$(TARGET_NAME)";
				SKIP_INSTALL = YES;
				SWIFT_EMIT_LOC_STRINGS = YES;
				SWIFT_VERSION = 5.0;
				TARGETED_DEVICE_FAMILY = "1,2";
			};
			name = Release;
		};
/* End XCBuildConfiguration section */

/* Begin XCConfigurationList section */
		D283E5FD2AFDD295008889EA /* Build configuration list for PBXProject "Note-ing" */ = {
			isa = XCConfigurationList;
			buildConfigurations = (
				D283E6292AFDD296008889EA /* Debug */,
				D283E62A2AFDD296008889EA /* Release */,
			);
			defaultConfigurationIsVisible = 0;
			defaultConfigurationName = Release;
		};
		D283E62B2AFDD296008889EA /* Build configuration list for PBXNativeTarget "Note-ing" */ = {
			isa = XCConfigurationList;
			buildConfigurations = (
				D283E62C2AFDD296008889EA /* Debug */,
				D283E62D2AFDD296008889EA /* Release */,
			);
			defaultConfigurationIsVisible = 0;
			defaultConfigurationName = Release;
		};
		D283E62E2AFDD296008889EA /* Build configuration list for PBXNativeTarget "Note-ingTests" */ = {
			isa = XCConfigurationList;
			buildConfigurations = (
				D283E62F2AFDD296008889EA /* Debug */,
				D283E6302AFDD296008889EA /* Release */,
			);
			defaultConfigurationIsVisible = 0;
			defaultConfigurationName = Release;
		};
		D283E6312AFDD296008889EA /* Build configuration list for PBXNativeTarget "Note-ingUITests" */ = {
			isa = XCConfigurationList;
			buildConfigurations = (
				D283E6322AFDD296008889EA /* Debug */,
				D283E6332AFDD296008889EA /* Release */,
			);
			defaultConfigurationIsVisible = 0;
			defaultConfigurationName = Release;
		};
		D283E6712AFDD8A0008889EA /* Build configuration list for PBXNativeTarget "Note-ing-WidgetExtension" */ = {
			isa = XCConfigurationList;
			buildConfigurations = (
				D283E66F2AFDD8A0008889EA /* Debug */,
				D283E6702AFDD8A0008889EA /* Release */,
			);
			defaultConfigurationIsVisible = 0;
			defaultConfigurationName = Release;
		};
/* End XCConfigurationList section */

/* Begin XCRemoteSwiftPackageReference section */
		D283E6342AFDD418008889EA /* XCRemoteSwiftPackageReference "RxSwift" */ = {
			isa = XCRemoteSwiftPackageReference;
			repositoryURL = "https://github.com/ReactiveX/RxSwift";
			requirement = {
				kind = upToNextMajorVersion;
				minimumVersion = 6.0.0;
			};
		};
/* End XCRemoteSwiftPackageReference section */

/* Begin XCSwiftPackageProductDependency section */
		D283E6352AFDD418008889EA /* RxCocoa */ = {
			isa = XCSwiftPackageProductDependency;
			package = D283E6342AFDD418008889EA /* XCRemoteSwiftPackageReference "RxSwift" */;
			productName = RxCocoa;
		};
		D283E6372AFDD418008889EA /* RxSwift */ = {
			isa = XCSwiftPackageProductDependency;
			package = D283E6342AFDD418008889EA /* XCRemoteSwiftPackageReference "RxSwift" */;
			productName = RxSwift;
		};
/* End XCSwiftPackageProductDependency section */

/* Begin XCVersionGroup section */
		D283E6102AFDD296008889EA /* Note_ing.xcdatamodeld */ = {
			isa = XCVersionGroup;
			children = (
				D283E6112AFDD296008889EA /* Note_ing.xcdatamodel */,
			);
			currentVersion = D283E6112AFDD296008889EA /* Note_ing.xcdatamodel */;
			path = Note_ing.xcdatamodeld;
			sourceTree = "<group>";
			versionGroupType = wrapper.xcdatamodel;
		};
/* End XCVersionGroup section */
	};
	rootObject = D283E5FA2AFDD295008889EA /* Project object */;
}
